
Microsoft Visual Studio Solution File, Format Version 12.00
# Visual Studio Version 17
VisualStudioVersion = 17.13.35931.197
MinimumVisualStudioVersion = 10.0.40219.1
Project("{FAE04EC0-301F-11D3-BF4B-00C04F79EFBC}") = "Server", "Server\Server.csproj", "{F6DE16FB-78BD-4B7E-A48B-FE8CE47E03F1}"
EndProject
Project("{FAE04EC0-301F-11D3-BF4B-00C04F79EFBC}") = "Client", "Client\Client.csproj", "{84A84B71-852F-4999-90D5-E46D04F93D5A}"
EndProject
Global
	GlobalSection(SolutionConfigurationPlatforms) = preSolution
		Debug|Any CPU = Debug|Any CPU
		Release|Any CPU = Release|Any CPU
	EndGlobalSection
	GlobalSection(ProjectConfigurationPlatforms) = postSolution
		{F6DE16FB-78BD-4B7E-A48B-FE8CE47E03F1}.Debug|Any CPU.ActiveCfg = Debug|Any CPU
		{F6DE16FB-78BD-4B7E-A48B-FE8CE47E03F1}.Debug|Any CPU.Build.0 = Debug|Any CPU
		{F6DE16FB-78BD-4B7E-A48B-FE8CE47E03F1}.Release|Any CPU.ActiveCfg = Release|Any CPU
		{F6DE16FB-78BD-4B7E-A48B-FE8CE47E03F1}.Release|Any CPU.Build.0 = Release|Any CPU
		{84A84B71-852F-4999-90D5-E46D04F93D5A}.Debug|Any CPU.ActiveCfg = Debug|Any CPU
		{84A84B71-852F-4999-90D5-E46D04F93D5A}.Debug|Any CPU.Build.0 = Debug|Any CPU
		{84A84B71-852F-4999-90D5-E46D04F93D5A}.Release|Any CPU.ActiveCfg = Release|Any CPU
		{84A84B71-852F-4999-90D5-E46D04F93D5A}.Release|Any CPU.Build.0 = Release|Any CPU
	EndGlobalSection
	GlobalSection(SolutionProperties) = preSolution
		HideSolutionNode = FALSE
	EndGlobalSection
	GlobalSection(ExtensibilityGlobals) = postSolution
		SolutionGuid = {5AEE08B0-A87D-4D7D-9170-EE956E7A5C56}
	EndGlobalSection
EndGlobal
